{
  "name": "whiteboardjs",
  "version": "1.0.0",
  "lockfileVersion": 3,
  "requires": true,
  "packages": {
    "": {
      "name": "whiteboardjs",
      "version": "1.0.0",
      "license": "GPL-3.0-or-later",
      "dependencies": {
        "bootstrap": "^4.4.1",
        "jquery": "^3.4.1",
        "jquery-ui-dist": "^1.12.1",
        "line-awesome": "^1.3.0",
        "popper.js": "^1.16.1",
        "tinymce": "^4.9.9"
      }
    },
    "node_modules/bootstrap": {
      "version": "4.6.2",
      "resolved": "https://registry.npmjs.org/bootstrap/-/bootstrap-4.6.2.tgz",
      "integrity": "sha512-51Bbp/Uxr9aTuy6ca/8FbFloBUJZLHwnhTcnjIeRn2suQWsWzcuJhGjKDB5eppVte/8oCdOL3VuwxvZDUggwGQ==",
      "deprecated": "This version of Bootstrap is no longer supported. Please upgrade to the latest version.",
      "funding": [
        {
          "type": "github",
          "url": "https://github.com/sponsors/twbs"
        },
        {
          "type": "opencollective",
          "url": "https://opencollective.com/bootstrap"
        }
      ],
      "license": "MIT",
      "peerDependencies": {
        "jquery": "1.9.1 - 3",
        "popper.js": "^1.16.1"
      }
    },
    "node_modules/jquery": {
      "version": "3.7.1",
      "resolved": "https://registry.npmjs.org/jquery/-/jquery-3.7.1.tgz",
      "integrity": "sha512-m4avr8yL8kmFN8psrbFFFmB/If14iN5o9nw/NgnnM+kybDJpRsAynV2BsfpTYrTRysYUdADVD7CkUUizgkpLfg==",
      "license": "MIT"
    },
    "node_modules/jquery-ui-dist": {
      "version": "1.13.3",
      "resolved": "https://registry.npmjs.org/jquery-ui-dist/-/jquery-ui-dist-1.13.3.tgz",
      "integrity": "sha512-qeTR3SOSQ0jgxaNXSFU6+JtxdzNUSJKgp8LCzVrVKntM25+2YBJW1Ea8B2AwjmmSHfPLy2dSlZxJQN06OfVFhg==",
      "license": "MIT",
      "dependencies": {
        "jquery": ">=1.8.0 <4.0.0"
      }
    },
    "node_modules/line-awesome": {
      "version": "1.3.0",
      "resolved": "https://registry.npmjs.org/line-awesome/-/line-awesome-1.3.0.tgz",
      "integrity": "sha512-Y0YHksL37ixDsHz+ihCwOtF5jwJgCDxQ3q+zOVgaSW8VugHGTsZZXMacPYZB1/JULBi6BAuTCTek+4ZY/UIwcw==",
      "license": "MIT"
    },
    "node_modules/popper.js": {
      "version": "1.16.1",
      "resolved": "https://registry.npmjs.org/popper.js/-/popper.js-1.16.1.tgz",
      "integrity": "sha512-Wb4p1J4zyFTbM+u6WuO4XstYx4Ky9Cewe4DWrel7B0w6VVICvPwdOpotjzcf6eD8TsckVnIMNONQyPIUFOUbCQ==",
      "deprecated": "You can find the new Popper v2 at @popperjs/core, this package is dedicated to the legacy v1",
      "license": "MIT",
      "funding": {
        "type": "opencollective",
        "url": "https://opencollective.com/popperjs"
      }
    },
    "node_modules/tinymce": {
      "version": "4.9.11",
      "resolved": "https://registry.npmjs.org/tinymce/-/tinymce-4.9.11.tgz",
      "integrity": "sha512-nkSLsax+VY5DBRjMFnHFqPwTnlLEGHCco82FwJF2JNH6W+5/ClvNC1P4uhD5lXPDNiDykSHR0XJdEh7w/ICHzA==",
      "license": "LGPL-2.1"
    }
  }
}
